
Microsoft Visual Studio Solution File, Format Version 12.00
# Visual Studio Version 17
VisualStudioVersion = 17.5.33516.290
MinimumVisualStudioVersion = 10.0.40219.1
Project("{FAE04EC0-301F-11D3-BF4B-00C04F79EFBC}") = "StoreManager", "StoreManager\StoreManager.csproj", "{0507BD11-BBCF-471A-8426-C9A94F37714F}"
EndProject
Global
	GlobalSection(SolutionConfigurationPlatforms) = preSolution
		Debug|Any CPU = Debug|Any CPU
		Release|Any CPU = Release|Any CPU
	EndGlobalSection
	GlobalSection(ProjectConfigurationPlatforms) = postSolution
		{0507BD11-BBCF-471A-8426-C9A94F37714F}.Debug|Any CPU.ActiveCfg = Debug|Any CPU
		{0507BD11-BBCF-471A-8426-C9A94F37714F}.Debug|Any CPU.Build.0 = Debug|Any CPU
		{0507BD11-BBCF-471A-8426-C9A94F37714F}.Release|Any CPU.ActiveCfg = Release|Any CPU
		{0507BD11-BBCF-471A-8426-C9A94F37714F}.Release|Any CPU.Build.0 = Release|Any CPU
	EndGlobalSection
	GlobalSection(SolutionProperties) = preSolution
		HideSolutionNode = FALSE
	EndGlobalSection
	GlobalSection(ExtensibilityGlobals) = postSolution
		SolutionGuid = {AC4DB63E-8259-4DC5-8D7D-CBF9C5740A6A}
	EndGlobalSection
EndGlobal
